// !$*UTF8*$!
{
	archiveVersion = 1;
	classes = {
	};
	objectVersion = 50;
	objects = {

/* Begin PBXBuildFile section */
		B283DEEC207A4EC9005D17F6 /* AppDelegate.swift in Sources */ = {isa = PBXBuildFile; fileRef = B283DEEB207A4EC9005D17F6 /* AppDelegate.swift */; };
		B283DEEE207A4EC9005D17F6 /* ViewController.swift in Sources */ = {isa = PBXBuildFile; fileRef = B283DEED207A4EC9005D17F6 /* ViewController.swift */; };
		B283DEF1207A4EC9005D17F6 /* Main.storyboard in Resources */ = {isa = PBXBuildFile; fileRef = B283DEEF207A4EC9005D17F6 /* Main.storyboard */; };
		B283DEF3207A4ECC005D17F6 /* Assets.xcassets in Resources */ = {isa = PBXBuildFile; fileRef = B283DEF2207A4ECC005D17F6 /* Assets.xcassets */; };
		B283DEF6207A4ECC005D17F6 /* LaunchScreen.storyboard in Resources */ = {isa = PBXBuildFile; fileRef = B283DEF4207A4ECC005D17F6 /* LaunchScreen.storyboard */; };
		B283DF01207A4ECC005D17F6 /* LightTests.swift in Sources */ = {isa = PBXBuildFile; fileRef = B283DF00207A4ECC005D17F6 /* LightTests.swift */; };
		B283DF0C207A4ECC005D17F6 /* LightUITests.swift in Sources */ = {isa = PBXBuildFile; fileRef = B283DF0B207A4ECC005D17F6 /* LightUITests.swift */; };
/* End PBXBuildFile section */

/* Begin PBXContainerItemProxy section */
		B283DEFD207A4ECC005D17F6 /* PBXContainerItemProxy */ = {
			isa = PBXContainerItemProxy;
			containerPortal = B283DEE0207A4EC9005D17F6 /* Project object */;
			proxyType = 1;
			remoteGlobalIDString = B283DEE7207A4EC9005D17F6;
			remoteInfo = Light;
		};
		B283DF08207A4ECC005D17F6 /* PBXContainerItemProxy */ = {
			isa = PBXContainerItemProxy;
			containerPortal = B283DEE0207A4EC9005D17F6 /* Project object */;
			proxyType = 1;
			remoteGlobalIDString = B283DEE7207A4EC9005D17F6;
			remoteInfo = Light;
		};
/* End PBXContainerItemProxy section */

/* Begin PBXFileReference section */
		B283DEE8207A4EC9005D17F6 /* Light.app */ = {isa = PBXFileReference; explicitFileType = wrapper.application; includeInIndex = 0; path = Light.app; sourceTree = BUILT_PRODUCTS_DIR; };
		B283DEEB207A4EC9005D17F6 /* AppDelegate.swift */ = {isa = PBXFileReference; lastKnownFileType = sourcecode.swift; path = AppDelegate.swift; sourceTree = "<group>"; };
		B283DEED207A4EC9005D17F6 /* ViewController.swift */ = {isa = PBXFileReference; lastKnownFileType = sourcecode.swift; path = ViewController.swift; sourceTree = "<group>"; };
		B283DEF0207A4EC9005D17F6 /* Base */ = {isa = PBXFileReference; lastKnownFileType = file.storyboard; name = Base; path = Base.lproj/Main.storyboard; sourceTree = "<group>"; };
		B283DEF2207A4ECC005D17F6 /* Assets.xcassets */ = {isa = PBXFileReference; lastKnownFileType = folder.assetcatalog; path = Assets.xcassets; sourceTree = "<group>"; };
		B283DEF5207A4ECC005D17F6 /* Base */ = {isa = PBXFileReference; lastKnownFileType = file.storyboard; name = Base; path = Base.lproj/LaunchScreen.storyboard; sourceTree = "<group>"; };
		B283DEF7207A4ECC005D17F6 /* Info.plist */ = {isa = PBXFileReference; lastKnownFileType = text.plist.xml; path = Info.plist; sourceTree = "<group>"; };
		B283DEFC207A4ECC005D17F6 /* LightTests.xctest */ = {isa = PBXFileReference; explicitFileType = wrapper.cfbundle; includeInIndex = 0; path = LightTests.xctest; sourceTree = BUILT_PRODUCTS_DIR; };
		B283DF00207A4ECC005D17F6 /* LightTests.swift */ = {isa = PBXFileReference; lastKnownFileType = sourcecode.swift; path = LightTests.swift; sourceTree = "<group>"; };
		B283DF02207A4ECC005D17F6 /* Info.plist */ = {isa = PBXFileReference; lastKnownFileType = text.plist.xml; path = Info.plist; sourceTree = "<group>"; };
		B283DF07207A4ECC005D17F6 /* LightUITests.xctest */ = {isa = PBXFileReference; explicitFileType = wrapper.cfbundle; includeInIndex = 0; path = LightUITests.xctest; sourceTree = BUILT_PRODUCTS_DIR; };
		B283DF0B207A4ECC005D17F6 /* LightUITests.swift */ = {isa = PBXFileReference; lastKnownFileType = sourcecode.swift; path = LightUITests.swift; sourceTree = "<group>"; };
		B283DF0D207A4ECC005D17F6 /* Info.plist */ = {isa = PBXFileReference; lastKnownFileType = text.plist.xml; path = Info.plist; sourceTree = "<group>"; };
/* End PBXFileReference section */

/* Begin PBXFrameworksBuildPhase section */
		B283DEE5207A4EC9005D17F6 /* Frameworks */ = {
			isa = PBXFrameworksBuildPhase;
			buildActionMask = 2147483647;
			files = (
			);
			runOnlyForDeploymentPostprocessing = 0;
		};
		B283DEF9207A4ECC005D17F6 /* Frameworks */ = {
			isa = PBXFrameworksBuildPhase;
			buildActionMask = 2147483647;
			files = (
			);
			runOnlyForDeploymentPostprocessing = 0;
		};
		B283DF04207A4ECC005D17F6 /* Frameworks */ = {
			isa = PBXFrameworksBuildPhase;
			buildActionMask = 2147483647;
			files = (
			);
			runOnlyForDeploymentPostprocessing = 0;
		};
/* End PBXFrameworksBuildPhase section */

/* Begin PBXGroup section */
		B283DEDF207A4EC9005D17F6 = {
			isa = PBXGroup;
			children = (
				B283DEEA207A4EC9005D17F6 /* Light */,
				B283DEFF207A4ECC005D17F6 /* LightTests */,
				B283DF0A207A4ECC005D17F6 /* LightUITests */,
				B283DEE9207A4EC9005D17F6 /* Products */,
			);
			sourceTree = "<group>";
		};
		B283DEE9207A4EC9005D17F6 /* Products */ = {
			isa = PBXGroup;
			children = (
				B283DEE8207A4EC9005D17F6 /* Light.app */,
				B283DEFC207A4ECC005D17F6 /* LightTests.xctest */,
				B283DF07207A4ECC005D17F6 /* LightUITests.xctest */,
			);
			name = Products;
			sourceTree = "<group>";
		};
		B283DEEA207A4EC9005D17F6 /* Light */ = {
			isa = PBXGroup;
			children = (
				B283DEEB207A4EC9005D17F6 /* AppDelegate.swift */,
				B283DEED207A4EC9005D17F6 /* ViewController.swift */,
				B283DEEF207A4EC9005D17F6 /* Main.storyboard */,
				B283DEF2207A4ECC005D17F6 /* Assets.xcassets */,
				B283DEF4207A4ECC005D17F6 /* LaunchScreen.storyboard */,
				B283DEF7207A4ECC005D17F6 /* Info.plist */,
			);
			path = Light;
			sourceTree = "<group>";
		};
		B283DEFF207A4ECC005D17F6 /* LightTests */ = {
			isa = PBXGroup;
			children = (
				B283DF00207A4ECC005D17F6 /* LightTests.swift */,
				B283DF02207A4ECC005D17F6 /* Info.plist */,
			);
			path = LightTests;
			sourceTree = "<group>";
		};
		B283DF0A207A4ECC005D17F6 /* LightUITests */ = {
			isa = PBXGroup;
			children = (
				B283DF0B207A4ECC005D17F6 /* LightUITests.swift */,
				B283DF0D207A4ECC005D17F6 /* Info.plist */,
			);
			path = LightUITests;
			sourceTree = "<group>";
		};
/* End PBXGroup section */

/* Begin PBXNativeTarget section */
		B283DEE7207A4EC9005D17F6 /* Light */ = {
			isa = PBXNativeTarget;
			buildConfigurationList = B283DF10207A4ECC005D17F6 /* Build configuration list for PBXNativeTarget "Light" */;
			buildPhases = (
				B283DEE4207A4EC9005D17F6 /* Sources */,
				B283DEE5207A4EC9005D17F6 /* Frameworks */,
				B283DEE6207A4EC9005D17F6 /* Resources */,
			);
			buildRules = (
			);
			dependencies = (
			);
			name = Light;
			productName = Light;
			productReference = B283DEE8207A4EC9005D17F6 /* Light.app */;
			productType = "com.apple.product-type.application";
		};
		B283DEFB207A4ECC005D17F6 /* LightTests */ = {
			isa = PBXNativeTarget;
			buildConfigurationList = B283DF13207A4ECC005D17F6 /* Build configuration list for PBXNativeTarget "LightTests" */;
			buildPhases = (
				B283DEF8207A4ECC005D17F6 /* Sources */,
				B283DEF9207A4ECC005D17F6 /* Frameworks */,
				B283DEFA207A4ECC005D17F6 /* Resources */,
			);
			buildRules = (
			);
			dependencies = (
				B283DEFE207A4ECC005D17F6 /* PBXTargetDependency */,
			);
			name = LightTests;
			productName = LightTests;
			productReference = B283DEFC207A4ECC005D17F6 /* LightTests.xctest */;
			productType = "com.apple.product-type.bundle.unit-test";
		};
		B283DF06207A4ECC005D17F6 /* LightUITests */ = {
			isa = PBXNativeTarget;
			buildConfigurationList = B283DF16207A4ECC005D17F6 /* Build configuration list for PBXNativeTarget "LightUITests" */;
			buildPhases = (
				B283DF03207A4ECC005D17F6 /* Sources */,
				B283DF04207A4ECC005D17F6 /* Frameworks */,
				B283DF05207A4ECC005D17F6 /* Resources */,
			);
			buildRules = (
			);
			dependencies = (
				B283DF09207A4ECC005D17F6 /* PBXTargetDependency */,
			);
			name = LightUITests;
			productName = LightUITests;
			productReference = B283DF07207A4ECC005D17F6 /* LightUITests.xctest */;
			productType = "com.apple.product-type.bundle.ui-testing";
		};
/* End PBXNativeTarget section */

/* Begin PBXProject section */
		B283DEE0207A4EC9005D17F6 /* Project object */ = {
			isa = PBXProject;
			attributes = {
				LastSwiftUpdateCheck = 0930;
				LastUpgradeCheck = 0930;
				ORGANIZATIONNAME = "Eleanoor Polder";
				TargetAttributes = {
					B283DEE7207A4EC9005D17F6 = {
						CreatedOnToolsVersion = 9.3;
					};
					B283DEFB207A4ECC005D17F6 = {
						CreatedOnToolsVersion = 9.3;
						TestTargetID = B283DEE7207A4EC9005D17F6;
					};
					B283DF06207A4ECC005D17F6 = {
						CreatedOnToolsVersion = 9.3;
						TestTargetID = B283DEE7207A4EC9005D17F6;
					};
				};
			};
			buildConfigurationList = B283DEE3207A4EC9005D17F6 /* Build configuration list for PBXProject "Light" */;
			compatibilityVersion = "Xcode 9.3";
			developmentRegion = en;
			hasScannedForEncodings = 0;
			knownRegions = (
				en,
				Base,
			);
			mainGroup = B283DEDF207A4EC9005D17F6;
			productRefGroup = B283DEE9207A4EC9005D17F6 /* Products */;
			projectDirPath = "";
			projectRoot = "";
			targets = (
				B283DEE7207A4EC9005D17F6 /* Light */,
				B283DEFB207A4ECC005D17F6 /* LightTests */,
				B283DF06207A4ECC005D17F6 /* LightUITests */,
			);
		};
/* End PBXProject section */

/* Begin PBXResourcesBuildPhase section */
		B283DEE6207A4EC9005D17F6 /* Resources */ = {
			isa = PBXResourcesBuildPhase;
			buildActionMask = 2147483647;
			files = (
				B283DEF6207A4ECC005D17F6 /* LaunchScreen.storyboard in Resources */,
				B283DEF3207A4ECC005D17F6 /* Assets.xcassets in Resources */,
				B283DEF1207A4EC9005D17F6 /* Main.storyboard in Resources */,
			);
			runOnlyForDeploymentPostprocessing = 0;
		};
		B283DEFA207A4ECC005D17F6 /* Resources */ = {
			isa = PBXResourcesBuildPhase;
			buildActionMask = 2147483647;
			files = (
			);
			runOnlyForDeploymentPostprocessing = 0;
		};
		B283DF05207A4ECC005D17F6 /* Resources */ = {
			isa = PBXResourcesBuildPhase;
			buildActionMask = 2147483647;
			files = (
			);
			runOnlyForDeploymentPostprocessing = 0;
		};
/* End PBXResourcesBuildPhase section */

/* Begin PBXSourcesBuildPhase section */
		B283DEE4207A4EC9005D17F6 /* Sources */ = {
			isa = PBXSourcesBuildPhase;
			buildActionMask = 2147483647;
			files = (
				B283DEEE207A4EC9005D17F6 /* ViewController.swift in Sources */,
				B283DEEC207A4EC9005D17F6 /* AppDelegate.swift in Sources */,
			);
			runOnlyForDeploymentPostprocessing = 0;
		};
		B283DEF8207A4ECC005D17F6 /* Sources */ = {
			isa = PBXSourcesBuildPhase;
			buildActionMask = 2147483647;
			files = (
				B283DF01207A4ECC005D17F6 /* LightTests.swift in Sources */,
			);
			runOnlyForDeploymentPostprocessing = 0;
		};
		B283DF03207A4ECC005D17F6 /* Sources */ = {
			isa = PBXSourcesBuildPhase;
			buildActionMask = 2147483647;
			files = (
				B283DF0C207A4ECC005D17F6 /* LightUITests.swift in Sources */,
			);
			runOnlyForDeploymentPostprocessing = 0;
		};
/* End PBXSourcesBuildPhase section */

/* Begin PBXTargetDependency section */
		B283DEFE207A4ECC005D17F6 /* PBXTargetDependency */ = {
			isa = PBXTargetDependency;
			target = B283DEE7207A4EC9005D17F6 /* Light */;
			targetProxy = B283DEFD207A4ECC005D17F6 /* PBXContainerItemProxy */;
		};
		B283DF09207A4ECC005D17F6 /* PBXTargetDependency */ = {
			isa = PBXTargetDependency;
			target = B283DEE7207A4EC9005D17F6 /* Light */;
			targetProxy = B283DF08207A4ECC005D17F6 /* PBXContainerItemProxy */;
		};
/* End PBXTargetDependency section */

/* Begin PBXVariantGroup section */
		B283DEEF207A4EC9005D17F6 /* Main.storyboard */ = {
			isa = PBXVariantGroup;
			children = (
				B283DEF0207A4EC9005D17F6 /* Base */,
			);
			name = Main.storyboard;
			sourceTree = "<group>";
		};
		B283DEF4207A4ECC005D17F6 /* LaunchScreen.storyboard */ = {
			isa = PBXVariantGroup;
			children = (
				B283DEF5207A4ECC005D17F6 /* Base */,
			);
			name = LaunchScreen.storyboard;
			sourceTree = "<group>";
		};
/* End PBXVariantGroup section */

/* Begin XCBuildConfiguration section */
		B283DF0E207A4ECC005D17F6 /* Debug */ = {
			isa = XCBuildConfiguration;
			buildSettings = {
				ALWAYS_SEARCH_USER_PATHS = NO;
				CLANG_ANALYZER_NONNULL = YES;
				CLANG_ANALYZER_NUMBER_OBJECT_CONVERSION = YES_AGGRESSIVE;
				CLANG_CXX_LANGUAGE_STANDARD = "gnu++14";
				CLANG_CXX_LIBRARY = "libc++";
				CLANG_ENABLE_MODULES = YES;
				CLANG_ENABLE_OBJC_ARC = YES;
				CLANG_ENABLE_OBJC_WEAK = YES;
				CLANG_WARN_BLOCK_CAPTURE_AUTORELEASING = YES;
				CLANG_WARN_BOOL_CONVERSION = YES;
				CLANG_WARN_COMMA = YES;
				CLANG_WARN_CONSTANT_CONVERSION = YES;
				CLANG_WARN_DEPRECATED_OBJC_IMPLEMENTATIONS = YES;
				CLANG_WARN_DIRECT_OBJC_ISA_USAGE = YES_ERROR;
				CLANG_WARN_DOCUMENTATION_COMMENTS = YES;
				CLANG_WARN_EMPTY_BODY = YES;
				CLANG_WARN_ENUM_CONVERSION = YES;
				CLANG_WARN_INFINITE_RECURSION = YES;
				CLANG_WARN_INT_CONVERSION = YES;
				CLANG_WARN_NON_LITERAL_NULL_CONVERSION = YES;
				CLANG_WARN_OBJC_IMPLICIT_RETAIN_SELF = YES;
				CLANG_WARN_OBJC_LITERAL_CONVERSION = YES;
				CLANG_WARN_OBJC_ROOT_CLASS = YES_ERROR;
				CLANG_WARN_RANGE_LOOP_ANALYSIS = YES;
				CLANG_WARN_STRICT_PROTOTYPES = YES;
				CLANG_WARN_SUSPICIOUS_MOVE = YES;
				CLANG_WARN_UNGUARDED_AVAILABILITY = YES_AGGRESSIVE;
				CLANG_WARN_UNREACHABLE_CODE = YES;
				CLANG_WARN__DUPLICATE_METHOD_MATCH = YES;
				CODE_SIGN_IDENTITY = "iPhone Developer";
				COPY_PHASE_STRIP = NO;
				DEBUG_INFORMATION_FORMAT = dwarf;
				ENABLE_STRICT_OBJC_MSGSEND = YES;
				ENABLE_TESTABILITY = YES;
				GCC_C_LANGUAGE_STANDARD = gnu11;
				GCC_DYNAMIC_NO_PIC = NO;
				GCC_NO_COMMON_BLOCKS = YES;
				GCC_OPTIMIZATION_LEVEL = 0;
				GCC_PREPROCESSOR_DEFINITIONS = (
					"DEBUG=1",
					"$(inherited)",
				);
				GCC_WARN_64_TO_32_BIT_CONVERSION = YES;
				GCC_WARN_ABOUT_RETURN_TYPE = YES_ERROR;
				GCC_WARN_UNDECLARED_SELECTOR = YES;
				GCC_WARN_UNINITIALIZED_AUTOS = YES_AGGRESSIVE;
				GCC_WARN_UNUSED_FUNCTION = YES;
				GCC_WARN_UNUSED_VARIABLE = YES;
				IPHONEOS_DEPLOYMENT_TARGET = 11.3;
				MTL_ENABLE_DEBUG_INFO = YES;
				ONLY_ACTIVE_ARCH = YES;
				SDKROOT = iphoneos;
				SWIFT_ACTIVE_COMPILATION_CONDITIONS = DEBUG;
				SWIFT_OPTIMIZATION_LEVEL = "-Onone";
			};
			name = Debug;
		};
		B283DF0F207A4ECC005D17F6 /* Release */ = {
			isa = XCBuildConfiguration;
			buildSettings = {
				ALWAYS_SEARCH_USER_PATHS = NO;
				CLANG_ANALYZER_NONNULL = YES;
				CLANG_ANALYZER_NUMBER_OBJECT_CONVERSION = YES_AGGRESSIVE;
				CLANG_CXX_LANGUAGE_STANDARD = "gnu++14";
				CLANG_CXX_LIBRARY = "libc++";
				CLANG_ENABLE_MODULES = YES;
				CLANG_ENABLE_OBJC_ARC = YES;
				CLANG_ENABLE_OBJC_WEAK = YES;
				CLANG_WARN_BLOCK_CAPTURE_AUTORELEASING = YES;
				CLANG_WARN_BOOL_CONVERSION = YES;
				CLANG_WARN_COMMA = YES;
				CLANG_WARN_CONSTANT_CONVERSION = YES;
				CLANG_WARN_DEPRECATED_OBJC_IMPLEMENTATIONS = YES;
				CLANG_WARN_DIRECT_OBJC_ISA_USAGE = YES_ERROR;
				CLANG_WARN_DOCUMENTATION_COMMENTS = YES;
				CLANG_WARN_EMPTY_BODY = YES;
				CLANG_WARN_ENUM_CONVERSION = YES;
				CLANG_WARN_INFINITE_RECURSION = YES;
				CLANG_WARN_INT_CONVERSION = YES;
				CLANG_WARN_NON_LITERAL_NULL_CONVERSION = YES;
				CLANG_WARN_OBJC_IMPLICIT_RETAIN_SELF = YES;
				CLANG_WARN_OBJC_LITERAL_CONVERSION = YES;
				CLANG_WARN_OBJC_ROOT_CLASS = YES_ERROR;
				CLANG_WARN_RANGE_LOOP_ANALYSIS = YES;
				CLANG_WARN_STRICT_PROTOTYPES = YES;
				CLANG_WARN_SUSPICIOUS_MOVE = YES;
				CLANG_WARN_UNGUARDED_AVAILABILITY = YES_AGGRESSIVE;
				CLANG_WARN_UNREACHABLE_CODE = YES;
				CLANG_WARN__DUPLICATE_METHOD_MATCH = YES;
				CODE_SIGN_IDENTITY = "iPhone Developer";
				COPY_PHASE_STRIP = NO;
				DEBUG_INFORMATION_FORMAT = "dwarf-with-dsym";
				ENABLE_NS_ASSERTIONS = NO;
				ENABLE_STRICT_OBJC_MSGSEND = YES;
				GCC_C_LANGUAGE_STANDARD = gnu11;
				GCC_NO_COMMON_BLOCKS = YES;
				GCC_WARN_64_TO_32_BIT_CONVERSION = YES;
				GCC_WARN_ABOUT_RETURN_TYPE = YES_ERROR;
				GCC_WARN_UNDECLARED_SELECTOR = YES;
				GCC_WARN_UNINITIALIZED_AUTOS = YES_AGGRESSIVE;
				GCC_WARN_UNUSED_FUNCTION = YES;
				GCC_WARN_UNUSED_VARIABLE = YES;
				IPHONEOS_DEPLOYMENT_TARGET = 11.3;
				MTL_ENABLE_DEBUG_INFO = NO;
				SDKROOT = iphoneos;
				SWIFT_COMPILATION_MODE = wholemodule;
				SWIFT_OPTIMIZATION_LEVEL = "-O";
				VALIDATE_PRODUCT = YES;
			};
			name = Release;
		};
		B283DF11207A4ECC005D17F6 /* Debug */ = {
			isa = XCBuildConfiguration;
			buildSettings = {
				ASSETCATALOG_COMPILER_APPICON_NAME = AppIcon;
				CODE_SIGN_STYLE = Automatic;
				INFOPLIST_FILE = Light/Info.plist;
				LD_RUNPATH_SEARCH_PATHS = (
					"$(inherited)",
					"@executable_path/Frameworks",
				);
				PRODUCT_BUNDLE_IDENTIFIER = UvA.Light;
				PRODUCT_NAME = "$(TARGET_NAME)";
				SWIFT_VERSION = 4.0;
				TARGETED_DEVICE_FAMILY = "1,2";
			};
			name = Debug;
		};
		B283DF12207A4ECC005D17F6 /* Release */ = {
			isa = XCBuildConfiguration;
			buildSettings = {
				ASSETCATALOG_COMPILER_APPICON_NAME = AppIcon;
				CODE_SIGN_STYLE = Automatic;
				INFOPLIST_FILE = Light/Info.plist;
				LD_RUNPATH_SEARCH_PATHS = (
					"$(inherited)",
					"@executable_path/Frameworks",
				);
				PRODUCT_BUNDLE_IDENTIFIER = UvA.Light;
				PRODUCT_NAME = "$(TARGET_NAME)";
				SWIFT_VERSION = 4.0;
				TARGETED_DEVICE_FAMILY = "1,2";
			};
			name = Release;
		};
		B283DF14207A4ECC005D17F6 /* Debug */ = {
			isa = XCBuildConfiguration;
			buildSettings = {
				ALWAYS_EMBED_SWIFT_STANDARD_LIBRARIES = YES;
				BUNDLE_LOADER = "$(TEST_HOST)";
				CODE_SIGN_STYLE = Automatic;
				INFOPLIST_FILE = LightTests/Info.plist;
				LD_RUNPATH_SEARCH_PATHS = (
					"$(inherited)",
					"@executable_path/Frameworks",
					"@loader_path/Frameworks",
				);
				PRODUCT_BUNDLE_IDENTIFIER = UvA.LightTests;
				PRODUCT_NAME = "$(TARGET_NAME)";
				SWIFT_VERSION = 4.0;
				TARGETED_DEVICE_FAMILY = "1,2";
				TEST_HOST = "$(BUILT_PRODUCTS_DIR)/Light.app/Light";
			};
			name = Debug;
		};
		B283DF15207A4ECC005D17F6 /* Release */ = {
			isa = XCBuildConfiguration;
			buildSettings = {
				ALWAYS_EMBED_SWIFT_STANDARD_LIBRARIES = YES;
				BUNDLE_LOADER = "$(TEST_HOST)";
				CODE_SIGN_STYLE = Automatic;
				INFOPLIST_FILE = LightTests/Info.plist;
				LD_RUNPATH_SEARCH_PATHS = (
					"$(inherited)",
					"@executable_path/Frameworks",
					"@loader_path/Frameworks",
				);
				PRODUCT_BUNDLE_IDENTIFIER = UvA.LightTests;
				PRODUCT_NAME = "$(TARGET_NAME)";
				SWIFT_VERSION = 4.0;
				TARGETED_DEVICE_FAMILY = "1,2";
				TEST_HOST = "$(BUILT_PRODUCTS_DIR)/Light.app/Light";
			};
			name = Release;
		};
		B283DF17207A4ECC005D17F6 /* Debug */ = {
			isa = XCBuildConfiguration;
			buildSettings = {
				ALWAYS_EMBED_SWIFT_STANDARD_LIBRARIES = YES;
				CODE_SIGN_STYLE = Automatic;
				INFOPLIST_FILE = LightUITests/Info.plist;
				LD_RUNPATH_SEARCH_PATHS = (
					"$(inherited)",
					"@executable_path/Frameworks",
					"@loader_path/Frameworks",
				);
				PRODUCT_BUNDLE_IDENTIFIER = UvA.LightUITests;
				PRODUCT_NAME = "$(TARGET_NAME)";
				SWIFT_VERSION = 4.0;
				TARGETED_DEVICE_FAMILY = "1,2";
				TEST_TARGET_NAME = Light;
			};
			name = Debug;
		};
		B283DF18207A4ECC005D17F6 /* Release */ = {
			isa = XCBuildConfiguration;
			buildSettings = {
				ALWAYS_EMBED_SWIFT_STANDARD_LIBRARIES = YES;
				CODE_SIGN_STYLE = Automatic;
				INFOPLIST_FILE = LightUITests/Info.plist;
				LD_RUNPATH_SEARCH_PATHS = (
					"$(inherited)",
					"@executable_path/Frameworks",
					"@loader_path/Frameworks",
				);
				PRODUCT_BUNDLE_IDENTIFIER = UvA.LightUITests;
				PRODUCT_NAME = "$(TARGET_NAME)";
				SWIFT_VERSION = 4.0;
				TARGETED_DEVICE_FAMILY = "1,2";
				TEST_TARGET_NAME = Light;
			};
			name = Release;
		};
/* End XCBuildConfiguration section */

/* Begin XCConfigurationList section */
		B283DEE3207A4EC9005D17F6 /* Build configuration list for PBXProject "Light" */ = {
			isa = XCConfigurationList;
			buildConfigurations = (
				B283DF0E207A4ECC005D17F6 /* Debug */,
				B283DF0F207A4ECC005D17F6 /* Release */,
			);
			defaultConfigurationIsVisible = 0;
			defaultConfigurationName = Release;
		};
		B283DF10207A4ECC005D17F6 /* Build configuration list for PBXNativeTarget "Light" */ = {
			isa = XCConfigurationList;
			buildConfigurations = (
				B283DF11207A4ECC005D17F6 /* Debug */,
				B283DF12207A4ECC005D17F6 /* Release */,
			);
			defaultConfigurationIsVisible = 0;
			defaultConfigurationName = Release;
		};
		B283DF13207A4ECC005D17F6 /* Build configuration list for PBXNativeTarget "LightTests" */ = {
			isa = XCConfigurationList;
			buildConfigurations = (
				B283DF14207A4ECC005D17F6 /* Debug */,
				B283DF15207A4ECC005D17F6 /* Release */,
			);
			defaultConfigurationIsVisible = 0;
			defaultConfigurationName = Release;
		};
		B283DF16207A4ECC005D17F6 /* Build configuration list for PBXNativeTarget "LightUITests" */ = {
			isa = XCConfigurationList;
			buildConfigurations = (
				B283DF17207A4ECC005D17F6 /* Debug */,
				B283DF18207A4ECC005D17F6 /* Release */,
			);
			defaultConfigurationIsVisible = 0;
			defaultConfigurationName = Release;
		};
/* End XCConfigurationList section */
	};
	rootObject = B283DEE0207A4EC9005D17F6 /* Project object */;
}
